
Microsoft Visual Studio Solution File, Format Version 12.00
# Visual Studio Version 17
VisualStudioVersion = 17.3.32929.385
MinimumVisualStudioVersion = 10.0.40219.1
Project("{9A19103F-16F7-4668-BE54-9A1E7A4F7556}") = "ProyectoPIALabPrograWebTienda", "ProyectoPIALabPrograWebTienda\ProyectoPIALabPrograWebTienda.csproj", "{5BBE4DDF-A001-4199-9AB6-77A551EB7D12}"
EndProject
Global
	GlobalSection(SolutionConfigurationPlatforms) = preSolution
		Debug|Any CPU = Debug|Any CPU
		Release|Any CPU = Release|Any CPU
	EndGlobalSection
	GlobalSection(ProjectConfigurationPlatforms) = postSolution
		{5BBE4DDF-A001-4199-9AB6-77A551EB7D12}.Debug|Any CPU.ActiveCfg = Debug|Any CPU
		{5BBE4DDF-A001-4199-9AB6-77A551EB7D12}.Debug|Any CPU.Build.0 = Debug|Any CPU
		{5BBE4DDF-A001-4199-9AB6-77A551EB7D12}.Release|Any CPU.ActiveCfg = Release|Any CPU
		{5BBE4DDF-A001-4199-9AB6-77A551EB7D12}.Release|Any CPU.Build.0 = Release|Any CPU
	EndGlobalSection
	GlobalSection(SolutionProperties) = preSolution
		HideSolutionNode = FALSE
	EndGlobalSection
	GlobalSection(ExtensibilityGlobals) = postSolution
		SolutionGuid = {12F885D8-5ED4-49C7-9430-4EF10CE0A57E}
	EndGlobalSection
EndGlobal
